<?xml version="1.0" encoding="utf-8"?>
<Project ToolsVersion="4.0" xmlns="http://schemas.microsoft.com/developer/msbuild/2003">
  <ItemGroup>
    <Filter Include="Source Files">
      <UniqueIdentifier>{4FC737F1-C7A5-4376-A066-2A32D752A2FF}</UniqueIdentifier>
      <Extensions>cpp;c;cc;cxx;def;odl;idl;hpj;bat;asm;asmx</Extensions>
    </Filter>
    <Filter Include="Header Files">
      <UniqueIdentifier>{93995380-89BD-4b04-88EB-625FBE52EBFB}</UniqueIdentifier>
      <Extensions>h;hh;hpp;hxx;hm;inl;inc;ipp;xsd</Extensions>
    </Filter>
    <Filter Include="Resource Files">
      <UniqueIdentifier>{67DA6AB6-F800-4c08-8B7A-83BB121AAD01}</UniqueIdentifier>
      <Extensions>rc;ico;cur;bmp;dlg;rc2;rct;bin;rgs;gif;jpg;jpeg;jpe;resx;tiff;tif;png;wav;mfcribbon-ms</Extensions>
    </Filter>
  </ItemGroup>
  <ItemGroup>
    <ClCompile Include="Api\Private\Camera\Camera.cpp">
      <Filter>Source Files</Filter>
    </ClCompile>
    <ClCompile Include="Api\Private\Component\Basic\Physics\BoxCollider.cpp">
      <Filter>Source Files</Filter>
    </ClCompile>
    <ClCompile Include="Api\Private\Component\Basic\Physics\Collider.cpp">
      <Filter>Source Files</Filter>
    </ClCompile>
    <ClCompile Include="Api\Private\Component\Basic\Physics\MeshCollider.cpp">
      <Filter>Source Files</Filter>
    </ClCompile>
    <ClCompile Include="Api\Private\Component\Basic\Physics\PhysicsResolver.cpp">
      <Filter>Source Files</Filter>
    </ClCompile>
    <ClCompile Include="Api\Private\Component\Basic\Physics\PlaneCollider.cpp">
      <Filter>Source Files</Filter>
    </ClCompile>
    <ClCompile Include="Api\Private\Component\Basic\Physics\Rigidbody.cpp">
      <Filter>Source Files</Filter>
    </ClCompile>
    <ClCompile Include="Api\Private\Component\Basic\Physics\SphereCollider.cpp">
      <Filter>Source Files</Filter>
    </ClCompile>
    <ClCompile Include="Api\Private\Component\Basic\Render\BillboardRenderer.cpp">
      <Filter>Source Files</Filter>
    </ClCompile>
    <ClCompile Include="Api\Private\Component\Basic\Render\MeshRenderer.cpp">
      <Filter>Source Files</Filter>
    </ClCompile>
    <ClCompile Include="Api\Private\Component\Component.cpp">
      <Filter>Source Files</Filter>
    </ClCompile>
    <ClCompile Include="Api\Private\Debug\DebugRenderer.cpp">
      <Filter>Source Files</Filter>
    </ClCompile>
    <ClCompile Include="Api\Private\Debug\FPSDebugRenderer.cpp">
      <Filter>Source Files</Filter>
    </ClCompile>
    <ClCompile Include="Api\Private\Debug\SceneHierarchyDebugRenderer.cpp">
      <Filter>Source Files</Filter>
    </ClCompile>
    <ClCompile Include="Api\Private\GameObject\GameObject.cpp">
      <Filter>Source Files</Filter>
    </ClCompile>
    <ClCompile Include="Api\Private\GameHost.cpp">
      <Filter>Source Files</Filter>
    </ClCompile>
    <ClCompile Include="Api\Private\Input\Input.cpp">
      <Filter>Source Files</Filter>
    </ClCompile>
    <ClCompile Include="Api\Private\Light\AmbiantLight.cpp">
      <Filter>Source Files</Filter>
    </ClCompile>
    <ClCompile Include="Api\Private\Light\DirectionalLight.cpp">
      <Filter>Source Files</Filter>
    </ClCompile>
    <ClCompile Include="Api\Private\Light\Light.cpp">
      <Filter>Source Files</Filter>
    </ClCompile>
    <ClCompile Include="Api\Private\Light\PointLight.cpp">
      <Filter>Source Files</Filter>
    </ClCompile>
    <ClCompile Include="Api\Private\Light\SpotLight.cpp">
      <Filter>Source Files</Filter>
    </ClCompile>
    <ClCompile Include="Api\Private\Scene\Scene.cpp">
      <Filter>Source Files</Filter>
    </ClCompile>
    <ClCompile Include="Api\Private\Shader\Basic\DefaultShader.cpp">
      <Filter>Source Files</Filter>
    </ClCompile>
    <ClCompile Include="Api\Private\Shader\Shader.cpp">
      <Filter>Source Files</Filter>
    </ClCompile>
    <ClCompile Include="Api\Private\Util\Quaternion.cpp">
      <Filter>Source Files</Filter>
    </ClCompile>
    <ClCompile Include="Api\Private\Util\Util.cpp">
      <Filter>Source Files</Filter>
    </ClCompile>
    <ClCompile Include="Api\Public\Shader\Basic\SpriteShader.cpp">
      <Filter>Source Files</Filter>
    </ClCompile>
  </ItemGroup>
  <ItemGroup>
    <ClInclude Include="Api\Public\Camera\Camera.h">
      <Filter>Header Files</Filter>
    </ClInclude>
    <ClInclude Include="Api\Public\Component\Basic\Physics\BoxCollider.h">
      <Filter>Header Files</Filter>
    </ClInclude>
    <ClInclude Include="Api\Public\Component\Basic\Physics\Collider.h">
      <Filter>Header Files</Filter>
    </ClInclude>
    <ClInclude Include="Api\Public\Component\Basic\Physics\MeshCollider.h">
      <Filter>Header Files</Filter>
    </ClInclude>
    <ClInclude Include="Api\Public\Component\Basic\Physics\PhysicsResolver.h">
      <Filter>Header Files</Filter>
    </ClInclude>
    <ClInclude Include="Api\Public\Component\Basic\Physics\PlaneCollider.h">
      <Filter>Header Files</Filter>
    </ClInclude>
    <ClInclude Include="Api\Public\Component\Basic\Physics\Rigidbody.h">
      <Filter>Header Files</Filter>
    </ClInclude>
    <ClInclude Include="Api\Public\Component\Basic\Physics\SphereCollider.h">
      <Filter>Header Files</Filter>
    </ClInclude>
    <ClInclude Include="Api\Public\Component\Basic\Render\BillboardRenderer.h">
      <Filter>Header Files</Filter>
    </ClInclude>
    <ClInclude Include="Api\Public\Component\Basic\Render\MeshRenderer.h">
      <Filter>Header Files</Filter>
    </ClInclude>
    <ClInclude Include="Api\Public\Component\Basic\Render\Renderer.h">
      <Filter>Header Files</Filter>
    </ClInclude>
    <ClInclude Include="Api\Public\Component\Component.h">
      <Filter>Header Files</Filter>
    </ClInclude>
    <ClInclude Include="Api\Public\Debug\DebugRenderer.h">
      <Filter>Header Files</Filter>
    </ClInclude>
    <ClInclude Include="Api\Public\Debug\FPSDebugRenderer.h">
      <Filter>Header Files</Filter>
    </ClInclude>
    <ClInclude Include="Api\Public\Debug\SceneHierarchyDebugRenderer.h">
      <Filter>Header Files</Filter>
    </ClInclude>
    <ClInclude Include="Api\Public\EventSystem\Basic\WindowResizeEvent.h">
      <Filter>Header Files</Filter>
    </ClInclude>
    <ClInclude Include="Api\Public\EventSystem\Event.h">
      <Filter>Header Files</Filter>
    </ClInclude>
    <ClInclude Include="Api\Public\EventSystem\EventSystem.h">
      <Filter>Header Files</Filter>
    </ClInclude>
    <ClInclude Include="Api\Public\GameObject\Basic\BasicCone.h">
      <Filter>Header Files</Filter>
    </ClInclude>
    <ClInclude Include="Api\Public\GameObject\Basic\BasicCube.h">
      <Filter>Header Files</Filter>
    </ClInclude>
    <ClInclude Include="Api\Public\GameObject\Basic\BasicCylinder.h">
      <Filter>Header Files</Filter>
    </ClInclude>
    <ClInclude Include="Api\Public\GameObject\Basic\BasicPlane.h">
      <Filter>Header Files</Filter>
    </ClInclude>
    <ClInclude Include="Api\Public\GameObject\Basic\BasicShape.h">
      <Filter>Header Files</Filter>
    </ClInclude>
    <ClInclude Include="Api\Public\GameObject\Basic\BasicSphere.h">
      <Filter>Header Files</Filter>
    </ClInclude>
    <ClInclude Include="Api\Public\GameObject\Basic\EmptyGameObject.h">
      <Filter>Header Files</Filter>
    </ClInclude>
    <ClInclude Include="Api\Public\GameObject\GameObject.h">
      <Filter>Header Files</Filter>
    </ClInclude>
    <ClInclude Include="Api\Public\GameHost.h">
      <Filter>Header Files</Filter>
    </ClInclude>
    <ClInclude Include="Api\Public\Input\Input.h">
      <Filter>Header Files</Filter>
    </ClInclude>
    <ClInclude Include="Api\Public\Input\KeyCode.h">
      <Filter>Header Files</Filter>
    </ClInclude>
    <ClInclude Include="Api\Public\Light\AmbiantLight.h">
      <Filter>Header Files</Filter>
    </ClInclude>
    <ClInclude Include="Api\Public\Light\DirectionalLight.h">
      <Filter>Header Files</Filter>
    </ClInclude>
    <ClInclude Include="Api\Public\Light\Light.h">
      <Filter>Header Files</Filter>
    </ClInclude>
    <ClInclude Include="Api\Public\Light\LightType.h">
      <Filter>Header Files</Filter>
    </ClInclude>
    <ClInclude Include="Api\Public\Light\PointLight.h">
      <Filter>Header Files</Filter>
    </ClInclude>
    <ClInclude Include="Api\Public\Light\SpotLight.h">
      <Filter>Header Files</Filter>
    </ClInclude>
    <ClInclude Include="Api\Public\Scene\Scene.h">
      <Filter>Header Files</Filter>
    </ClInclude>
    <ClInclude Include="Api\Public\Shader\Basic\DefaultShader.h">
      <Filter>Header Files</Filter>
    </ClInclude>
    <ClInclude Include="Api\Public\Shader\Basic\SpriteShader.h">
      <Filter>Header Files</Filter>
    </ClInclude>
    <ClInclude Include="Api\Public\Shader\Shader.h">
      <Filter>Header Files</Filter>
    </ClInclude>
    <ClInclude Include="Api\Public\Util\Axis.h">
      <Filter>Header Files</Filter>
    </ClInclude>
    <ClInclude Include="Api\Public\Util\fast_obj.h">
      <Filter>Header Files</Filter>
    </ClInclude>
    <ClInclude Include="Api\Public\Util\Instanceof.h">
      <Filter>Header Files</Filter>
    </ClInclude>
    <ClInclude Include="Api\Public\Util\Quaternion.h">
      <Filter>Header Files</Filter>
    </ClInclude>
    <ClInclude Include="Api\Public\Util\Util.h">
      <Filter>Header Files</Filter>
    </ClInclude>
    <ClInclude Include="Api\Public\Light\ShaderLightDefaultParameters.h">
      <Filter>Header Files</Filter>
    </ClInclude>
    <ClInclude Include="Api\Public\Util\FilterShader.h">
      <Filter>Header Files</Filter>
    </ClInclude>
    <ClInclude Include="Api\Public\Util\FilterGroup.h">
      <Filter>Header Files</Filter>
    </ClInclude>
    <ClInclude Include="Api\Public\Util\SimulationCallback.h">
      <Filter>Header Files</Filter>
    </ClInclude>
  </ItemGroup>
</Project>